// !$*UTF8*$!
{
	archiveVersion = 1;
	classes = {
	};
	objectVersion = 48;
	objects = {

/* Begin PBXBuildFile section */
		122CE18B2087151A00E03286 /* AppDelegate.swift in Sources */ = {isa = PBXBuildFile; fileRef = 122CE18A2087151A00E03286 /* AppDelegate.swift */; };
		122CE18D2087151A00E03286 /* ViewController.swift in Sources */ = {isa = PBXBuildFile; fileRef = 122CE18C2087151A00E03286 /* ViewController.swift */; };
		122CE1902087151A00E03286 /* Main.storyboard in Resources */ = {isa = PBXBuildFile; fileRef = 122CE18E2087151A00E03286 /* Main.storyboard */; };
		122CE1922087151A00E03286 /* Assets.xcassets in Resources */ = {isa = PBXBuildFile; fileRef = 122CE1912087151A00E03286 /* Assets.xcassets */; };
		122CE1952087151A00E03286 /* LaunchScreen.storyboard in Resources */ = {isa = PBXBuildFile; fileRef = 122CE1932087151A00E03286 /* LaunchScreen.storyboard */; };
		122CE1A02087151B00E03286 /* MemoryChallengeTests.swift in Sources */ = {isa = PBXBuildFile; fileRef = 122CE19F2087151B00E03286 /* MemoryChallengeTests.swift */; };
		122CE1AB2087151B00E03286 /* MemoryChallengeUITests.swift in Sources */ = {isa = PBXBuildFile; fileRef = 122CE1AA2087151B00E03286 /* MemoryChallengeUITests.swift */; };
/* End PBXBuildFile section */

/* Begin PBXContainerItemProxy section */
		122CE19C2087151B00E03286 /* PBXContainerItemProxy */ = {
			isa = PBXContainerItemProxy;
			containerPortal = 122CE17F2087151A00E03286 /* Project object */;
			proxyType = 1;
			remoteGlobalIDString = 122CE1862087151A00E03286;
			remoteInfo = MemoryChallenge;
		};
		122CE1A72087151B00E03286 /* PBXContainerItemProxy */ = {
			isa = PBXContainerItemProxy;
			containerPortal = 122CE17F2087151A00E03286 /* Project object */;
			proxyType = 1;
			remoteGlobalIDString = 122CE1862087151A00E03286;
			remoteInfo = MemoryChallenge;
		};
/* End PBXContainerItemProxy section */

/* Begin PBXFileReference section */
		122CE1872087151A00E03286 /* MemoryChallenge.app */ = {isa = PBXFileReference; explicitFileType = wrapper.application; includeInIndex = 0; path = MemoryChallenge.app; sourceTree = BUILT_PRODUCTS_DIR; };
		122CE18A2087151A00E03286 /* AppDelegate.swift */ = {isa = PBXFileReference; lastKnownFileType = sourcecode.swift; path = AppDelegate.swift; sourceTree = "<group>"; };
		122CE18C2087151A00E03286 /* ViewController.swift */ = {isa = PBXFileReference; lastKnownFileType = sourcecode.swift; path = ViewController.swift; sourceTree = "<group>"; };
		122CE18F2087151A00E03286 /* Base */ = {isa = PBXFileReference; lastKnownFileType = file.storyboard; name = Base; path = Base.lproj/Main.storyboard; sourceTree = "<group>"; };
		122CE1912087151A00E03286 /* Assets.xcassets */ = {isa = PBXFileReference; lastKnownFileType = folder.assetcatalog; path = Assets.xcassets; sourceTree = "<group>"; };
		122CE1942087151A00E03286 /* Base */ = {isa = PBXFileReference; lastKnownFileType = file.storyboard; name = Base; path = Base.lproj/LaunchScreen.storyboard; sourceTree = "<group>"; };
		122CE1962087151A00E03286 /* Info.plist */ = {isa = PBXFileReference; lastKnownFileType = text.plist.xml; path = Info.plist; sourceTree = "<group>"; };
		122CE19B2087151B00E03286 /* MemoryChallengeTests.xctest */ = {isa = PBXFileReference; explicitFileType = wrapper.cfbundle; includeInIndex = 0; path = MemoryChallengeTests.xctest; sourceTree = BUILT_PRODUCTS_DIR; };
		122CE19F2087151B00E03286 /* MemoryChallengeTests.swift */ = {isa = PBXFileReference; lastKnownFileType = sourcecode.swift; path = MemoryChallengeTests.swift; sourceTree = "<group>"; };
		122CE1A12087151B00E03286 /* Info.plist */ = {isa = PBXFileReference; lastKnownFileType = text.plist.xml; path = Info.plist; sourceTree = "<group>"; };
		122CE1A62087151B00E03286 /* MemoryChallengeUITests.xctest */ = {isa = PBXFileReference; explicitFileType = wrapper.cfbundle; includeInIndex = 0; path = MemoryChallengeUITests.xctest; sourceTree = BUILT_PRODUCTS_DIR; };
		122CE1AA2087151B00E03286 /* MemoryChallengeUITests.swift */ = {isa = PBXFileReference; lastKnownFileType = sourcecode.swift; path = MemoryChallengeUITests.swift; sourceTree = "<group>"; };
		122CE1AC2087151B00E03286 /* Info.plist */ = {isa = PBXFileReference; lastKnownFileType = text.plist.xml; path = Info.plist; sourceTree = "<group>"; };
/* End PBXFileReference section */

/* Begin PBXFrameworksBuildPhase section */
		122CE1842087151A00E03286 /* Frameworks */ = {
			isa = PBXFrameworksBuildPhase;
			buildActionMask = 2147483647;
			files = (
			);
			runOnlyForDeploymentPostprocessing = 0;
		};
		122CE1982087151B00E03286 /* Frameworks */ = {
			isa = PBXFrameworksBuildPhase;
			buildActionMask = 2147483647;
			files = (
			);
			runOnlyForDeploymentPostprocessing = 0;
		};
		122CE1A32087151B00E03286 /* Frameworks */ = {
			isa = PBXFrameworksBuildPhase;
			buildActionMask = 2147483647;
			files = (
			);
			runOnlyForDeploymentPostprocessing = 0;
		};
/* End PBXFrameworksBuildPhase section */

/* Begin PBXGroup section */
		122CE17E2087151A00E03286 = {
			isa = PBXGroup;
			children = (
				122CE1892087151A00E03286 /* MemoryChallenge */,
				122CE19E2087151B00E03286 /* MemoryChallengeTests */,
				122CE1A92087151B00E03286 /* MemoryChallengeUITests */,
				122CE1882087151A00E03286 /* Products */,
			);
			sourceTree = "<group>";
		};
		122CE1882087151A00E03286 /* Products */ = {
			isa = PBXGroup;
			children = (
				122CE1872087151A00E03286 /* MemoryChallenge.app */,
				122CE19B2087151B00E03286 /* MemoryChallengeTests.xctest */,
				122CE1A62087151B00E03286 /* MemoryChallengeUITests.xctest */,
			);
			name = Products;
			sourceTree = "<group>";
		};
		122CE1892087151A00E03286 /* MemoryChallenge */ = {
			isa = PBXGroup;
			children = (
				122CE18A2087151A00E03286 /* AppDelegate.swift */,
				122CE18C2087151A00E03286 /* ViewController.swift */,
				122CE18E2087151A00E03286 /* Main.storyboard */,
				122CE1912087151A00E03286 /* Assets.xcassets */,
				122CE1932087151A00E03286 /* LaunchScreen.storyboard */,
				122CE1962087151A00E03286 /* Info.plist */,
			);
			path = MemoryChallenge;
			sourceTree = "<group>";
		};
		122CE19E2087151B00E03286 /* MemoryChallengeTests */ = {
			isa = PBXGroup;
			children = (
				122CE19F2087151B00E03286 /* MemoryChallengeTests.swift */,
				122CE1A12087151B00E03286 /* Info.plist */,
			);
			path = MemoryChallengeTests;
			sourceTree = "<group>";
		};
		122CE1A92087151B00E03286 /* MemoryChallengeUITests */ = {
			isa = PBXGroup;
			children = (
				122CE1AA2087151B00E03286 /* MemoryChallengeUITests.swift */,
				122CE1AC2087151B00E03286 /* Info.plist */,
			);
			path = MemoryChallengeUITests;
			sourceTree = "<group>";
		};
/* End PBXGroup section */

/* Begin PBXNativeTarget section */
		122CE1862087151A00E03286 /* MemoryChallenge */ = {
			isa = PBXNativeTarget;
			buildConfigurationList = 122CE1AF2087151B00E03286 /* Build configuration list for PBXNativeTarget "MemoryChallenge" */;
			buildPhases = (
				122CE1832087151A00E03286 /* Sources */,
				122CE1842087151A00E03286 /* Frameworks */,
				122CE1852087151A00E03286 /* Resources */,
			);
			buildRules = (
			);
			dependencies = (
			);
			name = MemoryChallenge;
			productName = MemoryChallenge;
			productReference = 122CE1872087151A00E03286 /* MemoryChallenge.app */;
			productType = "com.apple.product-type.application";
		};
		122CE19A2087151B00E03286 /* MemoryChallengeTests */ = {
			isa = PBXNativeTarget;
			buildConfigurationList = 122CE1B22087151B00E03286 /* Build configuration list for PBXNativeTarget "MemoryChallengeTests" */;
			buildPhases = (
				122CE1972087151B00E03286 /* Sources */,
				122CE1982087151B00E03286 /* Frameworks */,
				122CE1992087151B00E03286 /* Resources */,
			);
			buildRules = (
			);
			dependencies = (
				122CE19D2087151B00E03286 /* PBXTargetDependency */,
			);
			name = MemoryChallengeTests;
			productName = MemoryChallengeTests;
			productReference = 122CE19B2087151B00E03286 /* MemoryChallengeTests.xctest */;
			productType = "com.apple.product-type.bundle.unit-test";
		};
		122CE1A52087151B00E03286 /* MemoryChallengeUITests */ = {
			isa = PBXNativeTarget;
			buildConfigurationList = 122CE1B52087151B00E03286 /* Build configuration list for PBXNativeTarget "MemoryChallengeUITests" */;
			buildPhases = (
				122CE1A22087151B00E03286 /* Sources */,
				122CE1A32087151B00E03286 /* Frameworks */,
				122CE1A42087151B00E03286 /* Resources */,
			);
			buildRules = (
			);
			dependencies = (
				122CE1A82087151B00E03286 /* PBXTargetDependency */,
			);
			name = MemoryChallengeUITests;
			productName = MemoryChallengeUITests;
			productReference = 122CE1A62087151B00E03286 /* MemoryChallengeUITests.xctest */;
			productType = "com.apple.product-type.bundle.ui-testing";
		};
/* End PBXNativeTarget section */

/* Begin PBXProject section */
		122CE17F2087151A00E03286 /* Project object */ = {
			isa = PBXProject;
			attributes = {
				LastSwiftUpdateCheck = 0900;
				LastUpgradeCheck = 0900;
				ORGANIZATIONNAME = Xumingjen;
				TargetAttributes = {
					122CE1862087151A00E03286 = {
						CreatedOnToolsVersion = 9.0;
						ProvisioningStyle = Automatic;
					};
					122CE19A2087151B00E03286 = {
						CreatedOnToolsVersion = 9.0;
						ProvisioningStyle = Automatic;
						TestTargetID = 122CE1862087151A00E03286;
					};
					122CE1A52087151B00E03286 = {
						CreatedOnToolsVersion = 9.0;
						ProvisioningStyle = Automatic;
						TestTargetID = 122CE1862087151A00E03286;
					};
				};
			};
			buildConfigurationList = 122CE1822087151A00E03286 /* Build configuration list for PBXProject "MemoryChallenge" */;
			compatibilityVersion = "Xcode 8.0";
			developmentRegion = en;
			hasScannedForEncodings = 0;
			knownRegions = (
				en,
				Base,
			);
			mainGroup = 122CE17E2087151A00E03286;
			productRefGroup = 122CE1882087151A00E03286 /* Products */;
			projectDirPath = "";
			projectRoot = "";
			targets = (
				122CE1862087151A00E03286 /* MemoryChallenge */,
				122CE19A2087151B00E03286 /* MemoryChallengeTests */,
				122CE1A52087151B00E03286 /* MemoryChallengeUITests */,
			);
		};
/* End PBXProject section */

/* Begin PBXResourcesBuildPhase section */
		122CE1852087151A00E03286 /* Resources */ = {
			isa = PBXResourcesBuildPhase;
			buildActionMask = 2147483647;
			files = (
				122CE1952087151A00E03286 /* LaunchScreen.storyboard in Resources */,
				122CE1922087151A00E03286 /* Assets.xcassets in Resources */,
				122CE1902087151A00E03286 /* Main.storyboard in Resources */,
			);
			runOnlyForDeploymentPostprocessing = 0;
		};
		122CE1992087151B00E03286 /* Resources */ = {
			isa = PBXResourcesBuildPhase;
			buildActionMask = 2147483647;
			files = (
			);
			runOnlyForDeploymentPostprocessing = 0;
		};
		122CE1A42087151B00E03286 /* Resources */ = {
			isa = PBXResourcesBuildPhase;
			buildActionMask = 2147483647;
			files = (
			);
			runOnlyForDeploymentPostprocessing = 0;
		};
/* End PBXResourcesBuildPhase section */

/* Begin PBXSourcesBuildPhase section */
		122CE1832087151A00E03286 /* Sources */ = {
			isa = PBXSourcesBuildPhase;
			buildActionMask = 2147483647;
			files = (
				122CE18D2087151A00E03286 /* ViewController.swift in Sources */,
				122CE18B2087151A00E03286 /* AppDelegate.swift in Sources */,
			);
			runOnlyForDeploymentPostprocessing = 0;
		};
		122CE1972087151B00E03286 /* Sources */ = {
			isa = PBXSourcesBuildPhase;
			buildActionMask = 2147483647;
			files = (
				122CE1A02087151B00E03286 /* MemoryChallengeTests.swift in Sources */,
			);
			runOnlyForDeploymentPostprocessing = 0;
		};
		122CE1A22087151B00E03286 /* Sources */ = {
			isa = PBXSourcesBuildPhase;
			buildActionMask = 2147483647;
			files = (
				122CE1AB2087151B00E03286 /* MemoryChallengeUITests.swift in Sources */,
			);
			runOnlyForDeploymentPostprocessing = 0;
		};
/* End PBXSourcesBuildPhase section */

/* Begin PBXTargetDependency section */
		122CE19D2087151B00E03286 /* PBXTargetDependency */ = {
			isa = PBXTargetDependency;
			target = 122CE1862087151A00E03286 /* MemoryChallenge */;
			targetProxy = 122CE19C2087151B00E03286 /* PBXContainerItemProxy */;
		};
		122CE1A82087151B00E03286 /* PBXTargetDependency */ = {
			isa = PBXTargetDependency;
			target = 122CE1862087151A00E03286 /* MemoryChallenge */;
			targetProxy = 122CE1A72087151B00E03286 /* PBXContainerItemProxy */;
		};
/* End PBXTargetDependency section */

/* Begin PBXVariantGroup section */
		122CE18E2087151A00E03286 /* Main.storyboard */ = {
			isa = PBXVariantGroup;
			children = (
				122CE18F2087151A00E03286 /* Base */,
			);
			name = Main.storyboard;
			sourceTree = "<group>";
		};
		122CE1932087151A00E03286 /* LaunchScreen.storyboard */ = {
			isa = PBXVariantGroup;
			children = (
				122CE1942087151A00E03286 /* Base */,
			);
			name = LaunchScreen.storyboard;
			sourceTree = "<group>";
		};
/* End PBXVariantGroup section */

/* Begin XCBuildConfiguration section */
		122CE1AD2087151B00E03286 /* Debug */ = {
			isa = XCBuildConfiguration;
			buildSettings = {
				ALWAYS_SEARCH_USER_PATHS = NO;
				CLANG_ANALYZER_NONNULL = YES;
				CLANG_ANALYZER_NUMBER_OBJECT_CONVERSION = YES_AGGRESSIVE;
				CLANG_CXX_LANGUAGE_STANDARD = "gnu++14";
				CLANG_CXX_LIBRARY = "libc++";
				CLANG_ENABLE_MODULES = YES;
				CLANG_ENABLE_OBJC_ARC = YES;
				CLANG_WARN_BLOCK_CAPTURE_AUTORELEASING = YES;
				CLANG_WARN_BOOL_CONVERSION = YES;
				CLANG_WARN_COMMA = YES;
				CLANG_WARN_CONSTANT_CONVERSION = YES;
				CLANG_WARN_DIRECT_OBJC_ISA_USAGE = YES_ERROR;
				CLANG_WARN_DOCUMENTATION_COMMENTS = YES;
				CLANG_WARN_EMPTY_BODY = YES;
				CLANG_WARN_ENUM_CONVERSION = YES;
				CLANG_WARN_INFINITE_RECURSION = YES;
				CLANG_WARN_INT_CONVERSION = YES;
				CLANG_WARN_NON_LITERAL_NULL_CONVERSION = YES;
				CLANG_WARN_OBJC_LITERAL_CONVERSION = YES;
				CLANG_WARN_OBJC_ROOT_CLASS = YES_ERROR;
				CLANG_WARN_RANGE_LOOP_ANALYSIS = YES;
				CLANG_WARN_STRICT_PROTOTYPES = YES;
				CLANG_WARN_SUSPICIOUS_MOVE = YES;
				CLANG_WARN_UNGUARDED_AVAILABILITY = YES_AGGRESSIVE;
				CLANG_WARN_UNREACHABLE_CODE = YES;
				CLANG_WARN__DUPLICATE_METHOD_MATCH = YES;
				CODE_SIGN_IDENTITY = "iPhone Developer";
				COPY_PHASE_STRIP = NO;
				DEBUG_INFORMATION_FORMAT = dwarf;
				ENABLE_STRICT_OBJC_MSGSEND = YES;
				ENABLE_TESTABILITY = YES;
				GCC_C_LANGUAGE_STANDARD = gnu11;
				GCC_DYNAMIC_NO_PIC = NO;
				GCC_NO_COMMON_BLOCKS = YES;
				GCC_OPTIMIZATION_LEVEL = 0;
				GCC_PREPROCESSOR_DEFINITIONS = (
					"DEBUG=1",
					"$(inherited)",
				);
				GCC_WARN_64_TO_32_BIT_CONVERSION = YES;
				GCC_WARN_ABOUT_RETURN_TYPE = YES_ERROR;
				GCC_WARN_UNDECLARED_SELECTOR = YES;
				GCC_WARN_UNINITIALIZED_AUTOS = YES_AGGRESSIVE;
				GCC_WARN_UNUSED_FUNCTION = YES;
				GCC_WARN_UNUSED_VARIABLE = YES;
				IPHONEOS_DEPLOYMENT_TARGET = 11.0;
				MTL_ENABLE_DEBUG_INFO = YES;
				ONLY_ACTIVE_ARCH = YES;
				SDKROOT = iphoneos;
				SWIFT_ACTIVE_COMPILATION_CONDITIONS = DEBUG;
				SWIFT_OPTIMIZATION_LEVEL = "-Onone";
			};
			name = Debug;
		};
		122CE1AE2087151B00E03286 /* Release */ = {
			isa = XCBuildConfiguration;
			buildSettings = {
				ALWAYS_SEARCH_USER_PATHS = NO;
				CLANG_ANALYZER_NONNULL = YES;
				CLANG_ANALYZER_NUMBER_OBJECT_CONVERSION = YES_AGGRESSIVE;
				CLANG_CXX_LANGUAGE_STANDARD = "gnu++14";
				CLANG_CXX_LIBRARY = "libc++";
				CLANG_ENABLE_MODULES = YES;
				CLANG_ENABLE_OBJC_ARC = YES;
				CLANG_WARN_BLOCK_CAPTURE_AUTORELEASING = YES;
				CLANG_WARN_BOOL_CONVERSION = YES;
				CLANG_WARN_COMMA = YES;
				CLANG_WARN_CONSTANT_CONVERSION = YES;
				CLANG_WARN_DIRECT_OBJC_ISA_USAGE = YES_ERROR;
				CLANG_WARN_DOCUMENTATION_COMMENTS = YES;
				CLANG_WARN_EMPTY_BODY = YES;
				CLANG_WARN_ENUM_CONVERSION = YES;
				CLANG_WARN_INFINITE_RECURSION = YES;
				CLANG_WARN_INT_CONVERSION = YES;
				CLANG_WARN_NON_LITERAL_NULL_CONVERSION = YES;
				CLANG_WARN_OBJC_LITERAL_CONVERSION = YES;
				CLANG_WARN_OBJC_ROOT_CLASS = YES_ERROR;
				CLANG_WARN_RANGE_LOOP_ANALYSIS = YES;
				CLANG_WARN_STRICT_PROTOTYPES = YES;
				CLANG_WARN_SUSPICIOUS_MOVE = YES;
				CLANG_WARN_UNGUARDED_AVAILABILITY = YES_AGGRESSIVE;
				CLANG_WARN_UNREACHABLE_CODE = YES;
				CLANG_WARN__DUPLICATE_METHOD_MATCH = YES;
				CODE_SIGN_IDENTITY = "iPhone Developer";
				COPY_PHASE_STRIP = NO;
				DEBUG_INFORMATION_FORMAT = "dwarf-with-dsym";
				ENABLE_NS_ASSERTIONS = NO;
				ENABLE_STRICT_OBJC_MSGSEND = YES;
				GCC_C_LANGUAGE_STANDARD = gnu11;
				GCC_NO_COMMON_BLOCKS = YES;
				GCC_WARN_64_TO_32_BIT_CONVERSION = YES;
				GCC_WARN_ABOUT_RETURN_TYPE = YES_ERROR;
				GCC_WARN_UNDECLARED_SELECTOR = YES;
				GCC_WARN_UNINITIALIZED_AUTOS = YES_AGGRESSIVE;
				GCC_WARN_UNUSED_FUNCTION = YES;
				GCC_WARN_UNUSED_VARIABLE = YES;
				IPHONEOS_DEPLOYMENT_TARGET = 11.0;
				MTL_ENABLE_DEBUG_INFO = NO;
				SDKROOT = iphoneos;
				SWIFT_OPTIMIZATION_LEVEL = "-Owholemodule";
				VALIDATE_PRODUCT = YES;
			};
			name = Release;
		};
		122CE1B02087151B00E03286 /* Debug */ = {
			isa = XCBuildConfiguration;
			buildSettings = {
				ASSETCATALOG_COMPILER_APPICON_NAME = AppIcon;
				CODE_SIGN_STYLE = Automatic;
				INFOPLIST_FILE = MemoryChallenge/Info.plist;
				LD_RUNPATH_SEARCH_PATHS = "$(inherited) @executable_path/Frameworks";
				PRODUCT_BUNDLE_IDENTIFIER = com.Xumingjen.MemoryChallenge;
				PRODUCT_NAME = "$(TARGET_NAME)";
				SWIFT_VERSION = 4.0;
				TARGETED_DEVICE_FAMILY = "1,2";
			};
			name = Debug;
		};
		122CE1B12087151B00E03286 /* Release */ = {
			isa = XCBuildConfiguration;
			buildSettings = {
				ASSETCATALOG_COMPILER_APPICON_NAME = AppIcon;
				CODE_SIGN_STYLE = Automatic;
				INFOPLIST_FILE = MemoryChallenge/Info.plist;
				LD_RUNPATH_SEARCH_PATHS = "$(inherited) @executable_path/Frameworks";
				PRODUCT_BUNDLE_IDENTIFIER = com.Xumingjen.MemoryChallenge;
				PRODUCT_NAME = "$(TARGET_NAME)";
				SWIFT_VERSION = 4.0;
				TARGETED_DEVICE_FAMILY = "1,2";
			};
			name = Release;
		};
		122CE1B32087151B00E03286 /* Debug */ = {
			isa = XCBuildConfiguration;
			buildSettings = {
				ALWAYS_EMBED_SWIFT_STANDARD_LIBRARIES = YES;
				BUNDLE_LOADER = "$(TEST_HOST)";
				CODE_SIGN_STYLE = Automatic;
				INFOPLIST_FILE = MemoryChallengeTests/Info.plist;
				LD_RUNPATH_SEARCH_PATHS = "$(inherited) @executable_path/Frameworks @loader_path/Frameworks";
				PRODUCT_BUNDLE_IDENTIFIER = com.Xumingjen.MemoryChallengeTests;
				PRODUCT_NAME = "$(TARGET_NAME)";
				SWIFT_VERSION = 4.0;
				TARGETED_DEVICE_FAMILY = "1,2";
				TEST_HOST = "$(BUILT_PRODUCTS_DIR)/MemoryChallenge.app/MemoryChallenge";
			};
			name = Debug;
		};
		122CE1B42087151B00E03286 /* Release */ = {
			isa = XCBuildConfiguration;
			buildSettings = {
				ALWAYS_EMBED_SWIFT_STANDARD_LIBRARIES = YES;
				BUNDLE_LOADER = "$(TEST_HOST)";
				CODE_SIGN_STYLE = Automatic;
				INFOPLIST_FILE = MemoryChallengeTests/Info.plist;
				LD_RUNPATH_SEARCH_PATHS = "$(inherited) @executable_path/Frameworks @loader_path/Frameworks";
				PRODUCT_BUNDLE_IDENTIFIER = com.Xumingjen.MemoryChallengeTests;
				PRODUCT_NAME = "$(TARGET_NAME)";
				SWIFT_VERSION = 4.0;
				TARGETED_DEVICE_FAMILY = "1,2";
				TEST_HOST = "$(BUILT_PRODUCTS_DIR)/MemoryChallenge.app/MemoryChallenge";
			};
			name = Release;
		};
		122CE1B62087151B00E03286 /* Debug */ = {
			isa = XCBuildConfiguration;
			buildSettings = {
				ALWAYS_EMBED_SWIFT_STANDARD_LIBRARIES = YES;
				CODE_SIGN_STYLE = Automatic;
				INFOPLIST_FILE = MemoryChallengeUITests/Info.plist;
				LD_RUNPATH_SEARCH_PATHS = "$(inherited) @executable_path/Frameworks @loader_path/Frameworks";
				PRODUCT_BUNDLE_IDENTIFIER = com.Xumingjen.MemoryChallengeUITests;
				PRODUCT_NAME = "$(TARGET_NAME)";
				SWIFT_VERSION = 4.0;
				TARGETED_DEVICE_FAMILY = "1,2";
				TEST_TARGET_NAME = MemoryChallenge;
			};
			name = Debug;
		};
		122CE1B72087151B00E03286 /* Release */ = {
			isa = XCBuildConfiguration;
			buildSettings = {
				ALWAYS_EMBED_SWIFT_STANDARD_LIBRARIES = YES;
				CODE_SIGN_STYLE = Automatic;
				INFOPLIST_FILE = MemoryChallengeUITests/Info.plist;
				LD_RUNPATH_SEARCH_PATHS = "$(inherited) @executable_path/Frameworks @loader_path/Frameworks";
				PRODUCT_BUNDLE_IDENTIFIER = com.Xumingjen.MemoryChallengeUITests;
				PRODUCT_NAME = "$(TARGET_NAME)";
				SWIFT_VERSION = 4.0;
				TARGETED_DEVICE_FAMILY = "1,2";
				TEST_TARGET_NAME = MemoryChallenge;
			};
			name = Release;
		};
/* End XCBuildConfiguration section */

/* Begin XCConfigurationList section */
		122CE1822087151A00E03286 /* Build configuration list for PBXProject "MemoryChallenge" */ = {
			isa = XCConfigurationList;
			buildConfigurations = (
				122CE1AD2087151B00E03286 /* Debug */,
				122CE1AE2087151B00E03286 /* Release */,
			);
			defaultConfigurationIsVisible = 0;
			defaultConfigurationName = Release;
		};
		122CE1AF2087151B00E03286 /* Build configuration list for PBXNativeTarget "MemoryChallenge" */ = {
			isa = XCConfigurationList;
			buildConfigurations = (
				122CE1B02087151B00E03286 /* Debug */,
				122CE1B12087151B00E03286 /* Release */,
			);
			defaultConfigurationIsVisible = 0;
			defaultConfigurationName = Release;
		};
		122CE1B22087151B00E03286 /* Build configuration list for PBXNativeTarget "MemoryChallengeTests" */ = {
			isa = XCConfigurationList;
			buildConfigurations = (
				122CE1B32087151B00E03286 /* Debug */,
				122CE1B42087151B00E03286 /* Release */,
			);
			defaultConfigurationIsVisible = 0;
			defaultConfigurationName = Release;
		};
		122CE1B52087151B00E03286 /* Build configuration list for PBXNativeTarget "MemoryChallengeUITests" */ = {
			isa = XCConfigurationList;
			buildConfigurations = (
				122CE1B62087151B00E03286 /* Debug */,
				122CE1B72087151B00E03286 /* Release */,
			);
			defaultConfigurationIsVisible = 0;
			defaultConfigurationName = Release;
		};
/* End XCConfigurationList section */
	};
	rootObject = 122CE17F2087151A00E03286 /* Project object */;
}
